dependencies:
- name: replicated
  repository: oci://registry.replicated.com/library
  version: 1.0.0-beta.31
- name: eck-operator
  repository: https://helm.elastic.co/
  version: 2.14.0
digest: sha256:eab665bb686dccb5ebccb092a5b185e1d659c54b3ec10dd2bed1dad34213325c
generated: "2025-03-26T09:42:05.688423-05:00"
