dependencies:
- name: replicated
  repository: oci://registry.replicated.com/library
  version: 1.18.0
- name: eck-operator
  repository: https://helm.elastic.co/
  version: 2.16.1
digest: sha256:4887b562eb4f4090905b0a43959c47449bd0dd425355e34ead0cb72f0ecf3638
generated: "2026-03-17T09:05:33.445428-07:00"
